
Microsoft Visual Studio Solution File, Format Version 12.00
# Visual Studio Version 16
VisualStudioVersion = 16.0.28803.156
MinimumVisualStudioVersion = 10.0.40219.1
Project("{9A19103F-16F7-4668-BE54-9A1E7A4F7556}") = "MolecularSynthesis", "MolecularSynthesisConsole\MolecularSynthesis.csproj", "{452463A3-01A9-4D8B-9238-A8AA3B9CD0D0}"
EndProject
Global
	GlobalSection(SolutionConfigurationPlatforms) = preSolution
		Console Debug|Any CPU = Console Debug|Any CPU
		Console Release|Any CPU = Console Release|Any CPU
		Debug|Any CPU = Debug|Any CPU
		Release|Any CPU = Release|Any CPU
		test|Any CPU = test|Any CPU
		WPF GUI Debug|Any CPU = WPF GUI Debug|Any CPU
		WPF GUI Release|Any CPU = WPF GUI Release|Any CPU
	EndGlobalSection
	GlobalSection(ProjectConfigurationPlatforms) = postSolution
		{452463A3-01A9-4D8B-9238-A8AA3B9CD0D0}.Console Debug|Any CPU.ActiveCfg = Debug|Any CPU
		{452463A3-01A9-4D8B-9238-A8AA3B9CD0D0}.Console Debug|Any CPU.Build.0 = Debug|Any CPU
		{452463A3-01A9-4D8B-9238-A8AA3B9CD0D0}.Console Release|Any CPU.ActiveCfg = Release|Any CPU
		{452463A3-01A9-4D8B-9238-A8AA3B9CD0D0}.Console Release|Any CPU.Build.0 = Release|Any CPU
		{452463A3-01A9-4D8B-9238-A8AA3B9CD0D0}.Debug|Any CPU.ActiveCfg = Debug|Any CPU
		{452463A3-01A9-4D8B-9238-A8AA3B9CD0D0}.Debug|Any CPU.Build.0 = Debug|Any CPU
		{452463A3-01A9-4D8B-9238-A8AA3B9CD0D0}.Release|Any CPU.ActiveCfg = Release|Any CPU
		{452463A3-01A9-4D8B-9238-A8AA3B9CD0D0}.Release|Any CPU.Build.0 = Release|Any CPU
		{452463A3-01A9-4D8B-9238-A8AA3B9CD0D0}.test|Any CPU.ActiveCfg = Debug|Any CPU
		{452463A3-01A9-4D8B-9238-A8AA3B9CD0D0}.test|Any CPU.Build.0 = Debug|Any CPU
		{452463A3-01A9-4D8B-9238-A8AA3B9CD0D0}.WPF GUI Debug|Any CPU.ActiveCfg = Debug|Any CPU
		{452463A3-01A9-4D8B-9238-A8AA3B9CD0D0}.WPF GUI Debug|Any CPU.Build.0 = Debug|Any CPU
		{452463A3-01A9-4D8B-9238-A8AA3B9CD0D0}.WPF GUI Release|Any CPU.ActiveCfg = Release|Any CPU
		{452463A3-01A9-4D8B-9238-A8AA3B9CD0D0}.WPF GUI Release|Any CPU.Build.0 = Release|Any CPU
	EndGlobalSection
	GlobalSection(SolutionProperties) = preSolution
		HideSolutionNode = FALSE
	EndGlobalSection
	GlobalSection(ExtensibilityGlobals) = postSolution
		SolutionGuid = {2771DEB6-6AA6-43CC-A9A8-C1FAC02B6784}
	EndGlobalSection
EndGlobal
