
Microsoft Visual Studio Solution File, Format Version 12.00
# Visual Studio Version 16
VisualStudioVersion = 16.0.28803.156
MinimumVisualStudioVersion = 10.0.40219.1
Project("{FAE04EC0-301F-11D3-BF4B-00C04F79EFBC}") = "MolecularSynthesis.GS.Plugin", "MolecularSynthesis.GS.Plugin\MolecularSynthesis.GS.Plugin.csproj", "{FBD57B08-28E9-4133-A626-7CD66D8AAF5D}"
EndProject
Global
	GlobalSection(SolutionConfigurationPlatforms) = preSolution
		Debug|Any CPU = Debug|Any CPU
		Release|Any CPU = Release|Any CPU
	EndGlobalSection
	GlobalSection(ProjectConfigurationPlatforms) = postSolution
		{FBD57B08-28E9-4133-A626-7CD66D8AAF5D}.Debug|Any CPU.ActiveCfg = Debug|Any CPU
		{FBD57B08-28E9-4133-A626-7CD66D8AAF5D}.Debug|Any CPU.Build.0 = Debug|Any CPU
		{FBD57B08-28E9-4133-A626-7CD66D8AAF5D}.Release|Any CPU.ActiveCfg = Release|Any CPU
		{FBD57B08-28E9-4133-A626-7CD66D8AAF5D}.Release|Any CPU.Build.0 = Release|Any CPU
	EndGlobalSection
	GlobalSection(SolutionProperties) = preSolution
		HideSolutionNode = FALSE
	EndGlobalSection
	GlobalSection(ExtensibilityGlobals) = postSolution
		SolutionGuid = {2771DEB6-6AA6-43CC-A9A8-C1FAC02B6784}
	EndGlobalSection
EndGlobal
